// !$*UTF8*$!
{
	archiveVersion = 1;
	classes = {
	};
	objectVersion = 50;
	objects = {

/* Begin PBXBuildFile section */
		2D8F7AAAFB9D32A399E20183 /* libPods-FlixTests.a in Frameworks */ = {isa = PBXBuildFile; fileRef = 2D6DF38AA3A770479427D9ED /* libPods-FlixTests.a */; };
		3A42492E6A793DF6F524BCB9 /* libPods-Flix-FlixUITests.a in Frameworks */ = {isa = PBXBuildFile; fileRef = 256726D8F12D84E4DFA2FF56 /* libPods-Flix-FlixUITests.a */; };
		7C5F24025778C1C56CC5C7CE /* libPods-Flix.a in Frameworks */ = {isa = PBXBuildFile; fileRef = B96DD32E3614DC605412530E /* libPods-Flix.a */; };
		D7077DCE23D92495008FD5AD /* AppDelegate.swift in Sources */ = {isa = PBXBuildFile; fileRef = D7077DCD23D92495008FD5AD /* AppDelegate.swift */; };
		D7077DD023D92495008FD5AD /* SceneDelegate.swift in Sources */ = {isa = PBXBuildFile; fileRef = D7077DCF23D92495008FD5AD /* SceneDelegate.swift */; };
		D7077DD523D92495008FD5AD /* Main.storyboard in Resources */ = {isa = PBXBuildFile; fileRef = D7077DD323D92495008FD5AD /* Main.storyboard */; };
		D7077DD723D9249A008FD5AD /* Assets.xcassets in Resources */ = {isa = PBXBuildFile; fileRef = D7077DD623D9249A008FD5AD /* Assets.xcassets */; };
		D7077DDA23D9249A008FD5AD /* LaunchScreen.storyboard in Resources */ = {isa = PBXBuildFile; fileRef = D7077DD823D9249A008FD5AD /* LaunchScreen.storyboard */; };
		D7077DE523D9249B008FD5AD /* FlixTests.swift in Sources */ = {isa = PBXBuildFile; fileRef = D7077DE423D9249B008FD5AD /* FlixTests.swift */; };
		D7077DF023D9249B008FD5AD /* FlixUITests.swift in Sources */ = {isa = PBXBuildFile; fileRef = D7077DEF23D9249B008FD5AD /* FlixUITests.swift */; };
		D70DB04D23F086DD00A65067 /* MovieGridViewController.swift in Sources */ = {isa = PBXBuildFile; fileRef = D70DB04C23F086DD00A65067 /* MovieGridViewController.swift */; };
		D70DB04F23F1A0FE00A65067 /* MovieGridDetailsViewController.swift in Sources */ = {isa = PBXBuildFile; fileRef = D70DB04E23F1A0FE00A65067 /* MovieGridDetailsViewController.swift */; };
		D71A177623E9211D001D7775 /* MovieDetailsViewController.swift in Sources */ = {isa = PBXBuildFile; fileRef = D71A177523E9211D001D7775 /* MovieDetailsViewController.swift */; };
		D71A177A23EA22FE001D7775 /* MovieGridCell.swift in Sources */ = {isa = PBXBuildFile; fileRef = D71A177923EA22FE001D7775 /* MovieGridCell.swift */; };
		D7DC809823DE6482009E0C99 /* MovieViewController.swift in Sources */ = {isa = PBXBuildFile; fileRef = D7DC809723DE6482009E0C99 /* MovieViewController.swift */; };
		D7DC809A23DF7D4D009E0C99 /* MovieCell.swift in Sources */ = {isa = PBXBuildFile; fileRef = D7DC809923DF7D4D009E0C99 /* MovieCell.swift */; };
/* End PBXBuildFile section */

/* Begin PBXContainerItemProxy section */
		D7077DE123D9249B008FD5AD /* PBXContainerItemProxy */ = {
			isa = PBXContainerItemProxy;
			containerPortal = D7077DC223D92495008FD5AD /* Project object */;
			proxyType = 1;
			remoteGlobalIDString = D7077DC923D92495008FD5AD;
			remoteInfo = Flix;
		};
		D7077DEC23D9249B008FD5AD /* PBXContainerItemProxy */ = {
			isa = PBXContainerItemProxy;
			containerPortal = D7077DC223D92495008FD5AD /* Project object */;
			proxyType = 1;
			remoteGlobalIDString = D7077DC923D92495008FD5AD;
			remoteInfo = Flix;
		};
/* End PBXContainerItemProxy section */

/* Begin PBXFileReference section */
		256726D8F12D84E4DFA2FF56 /* libPods-Flix-FlixUITests.a */ = {isa = PBXFileReference; explicitFileType = archive.ar; includeInIndex = 0; path = "libPods-Flix-FlixUITests.a"; sourceTree = BUILT_PRODUCTS_DIR; };
		2D6DF38AA3A770479427D9ED /* libPods-FlixTests.a */ = {isa = PBXFileReference; explicitFileType = archive.ar; includeInIndex = 0; path = "libPods-FlixTests.a"; sourceTree = BUILT_PRODUCTS_DIR; };
		47BE59B97722FE5B03B8C0D7 /* Pods-Flix.release.xcconfig */ = {isa = PBXFileReference; includeInIndex = 1; lastKnownFileType = text.xcconfig; name = "Pods-Flix.release.xcconfig"; path = "Target Support Files/Pods-Flix/Pods-Flix.release.xcconfig"; sourceTree = "<group>"; };
		68489B99A7A8E42030E2B981 /* Pods-Flix-FlixUITests.debug.xcconfig */ = {isa = PBXFileReference; includeInIndex = 1; lastKnownFileType = text.xcconfig; name = "Pods-Flix-FlixUITests.debug.xcconfig"; path = "Target Support Files/Pods-Flix-FlixUITests/Pods-Flix-FlixUITests.debug.xcconfig"; sourceTree = "<group>"; };
		98E6C6737743FFD23B6D7E65 /* Pods-Flix.debug.xcconfig */ = {isa = PBXFileReference; includeInIndex = 1; lastKnownFileType = text.xcconfig; name = "Pods-Flix.debug.xcconfig"; path = "Target Support Files/Pods-Flix/Pods-Flix.debug.xcconfig"; sourceTree = "<group>"; };
		B96DD32E3614DC605412530E /* libPods-Flix.a */ = {isa = PBXFileReference; explicitFileType = archive.ar; includeInIndex = 0; path = "libPods-Flix.a"; sourceTree = BUILT_PRODUCTS_DIR; };
		D7077DCA23D92495008FD5AD /* Flix.app */ = {isa = PBXFileReference; explicitFileType = wrapper.application; includeInIndex = 0; path = Flix.app; sourceTree = BUILT_PRODUCTS_DIR; };
		D7077DCD23D92495008FD5AD /* AppDelegate.swift */ = {isa = PBXFileReference; lastKnownFileType = sourcecode.swift; path = AppDelegate.swift; sourceTree = "<group>"; };
		D7077DCF23D92495008FD5AD /* SceneDelegate.swift */ = {isa = PBXFileReference; lastKnownFileType = sourcecode.swift; path = SceneDelegate.swift; sourceTree = "<group>"; };
		D7077DD423D92495008FD5AD /* Base */ = {isa = PBXFileReference; lastKnownFileType = file.storyboard; name = Base; path = Base.lproj/Main.storyboard; sourceTree = "<group>"; };
		D7077DD623D9249A008FD5AD /* Assets.xcassets */ = {isa = PBXFileReference; lastKnownFileType = folder.assetcatalog; path = Assets.xcassets; sourceTree = "<group>"; };
		D7077DD923D9249A008FD5AD /* Base */ = {isa = PBXFileReference; lastKnownFileType = file.storyboard; name = Base; path = Base.lproj/LaunchScreen.storyboard; sourceTree = "<group>"; };
		D7077DDB23D9249A008FD5AD /* Info.plist */ = {isa = PBXFileReference; lastKnownFileType = text.plist.xml; path = Info.plist; sourceTree = "<group>"; };
		D7077DE023D9249B008FD5AD /* FlixTests.xctest */ = {isa = PBXFileReference; explicitFileType = wrapper.cfbundle; includeInIndex = 0; path = FlixTests.xctest; sourceTree = BUILT_PRODUCTS_DIR; };
		D7077DE423D9249B008FD5AD /* FlixTests.swift */ = {isa = PBXFileReference; lastKnownFileType = sourcecode.swift; path = FlixTests.swift; sourceTree = "<group>"; };
		D7077DE623D9249B008FD5AD /* Info.plist */ = {isa = PBXFileReference; lastKnownFileType = text.plist.xml; path = Info.plist; sourceTree = "<group>"; };
		D7077DEB23D9249B008FD5AD /* FlixUITests.xctest */ = {isa = PBXFileReference; explicitFileType = wrapper.cfbundle; includeInIndex = 0; path = FlixUITests.xctest; sourceTree = BUILT_PRODUCTS_DIR; };
		D7077DEF23D9249B008FD5AD /* FlixUITests.swift */ = {isa = PBXFileReference; lastKnownFileType = sourcecode.swift; path = FlixUITests.swift; sourceTree = "<group>"; };
		D7077DF123D9249B008FD5AD /* Info.plist */ = {isa = PBXFileReference; lastKnownFileType = text.plist.xml; path = Info.plist; sourceTree = "<group>"; };
		D70DB04C23F086DD00A65067 /* MovieGridViewController.swift */ = {isa = PBXFileReference; lastKnownFileType = sourcecode.swift; path = MovieGridViewController.swift; sourceTree = "<group>"; };
		D70DB04E23F1A0FE00A65067 /* MovieGridDetailsViewController.swift */ = {isa = PBXFileReference; lastKnownFileType = sourcecode.swift; path = MovieGridDetailsViewController.swift; sourceTree = "<group>"; };
		D71A177523E9211D001D7775 /* MovieDetailsViewController.swift */ = {isa = PBXFileReference; lastKnownFileType = sourcecode.swift; path = MovieDetailsViewController.swift; sourceTree = "<group>"; };
		D71A177923EA22FE001D7775 /* MovieGridCell.swift */ = {isa = PBXFileReference; lastKnownFileType = sourcecode.swift; path = MovieGridCell.swift; sourceTree = "<group>"; };
		D7DC809723DE6482009E0C99 /* MovieViewController.swift */ = {isa = PBXFileReference; lastKnownFileType = sourcecode.swift; path = MovieViewController.swift; sourceTree = "<group>"; };
		D7DC809923DF7D4D009E0C99 /* MovieCell.swift */ = {isa = PBXFileReference; lastKnownFileType = sourcecode.swift; path = MovieCell.swift; sourceTree = "<group>"; };
		DAAE5057A0B963530624B750 /* Pods-Flix-FlixUITests.release.xcconfig */ = {isa = PBXFileReference; includeInIndex = 1; lastKnownFileType = text.xcconfig; name = "Pods-Flix-FlixUITests.release.xcconfig"; path = "Target Support Files/Pods-Flix-FlixUITests/Pods-Flix-FlixUITests.release.xcconfig"; sourceTree = "<group>"; };
		E4AF923F527BD321C83972EF /* Pods-FlixTests.release.xcconfig */ = {isa = PBXFileReference; includeInIndex = 1; lastKnownFileType = text.xcconfig; name = "Pods-FlixTests.release.xcconfig"; path = "Target Support Files/Pods-FlixTests/Pods-FlixTests.release.xcconfig"; sourceTree = "<group>"; };
		E78F88237140755ACE614380 /* Pods-FlixTests.debug.xcconfig */ = {isa = PBXFileReference; includeInIndex = 1; lastKnownFileType = text.xcconfig; name = "Pods-FlixTests.debug.xcconfig"; path = "Target Support Files/Pods-FlixTests/Pods-FlixTests.debug.xcconfig"; sourceTree = "<group>"; };
/* End PBXFileReference section */

/* Begin PBXFrameworksBuildPhase section */
		D7077DC723D92495008FD5AD /* Frameworks */ = {
			isa = PBXFrameworksBuildPhase;
			buildActionMask = 2147483647;
			files = (
				7C5F24025778C1C56CC5C7CE /* libPods-Flix.a in Frameworks */,
			);
			runOnlyForDeploymentPostprocessing = 0;
		};
		D7077DDD23D9249B008FD5AD /* Frameworks */ = {
			isa = PBXFrameworksBuildPhase;
			buildActionMask = 2147483647;
			files = (
				2D8F7AAAFB9D32A399E20183 /* libPods-FlixTests.a in Frameworks */,
			);
			runOnlyForDeploymentPostprocessing = 0;
		};
		D7077DE823D9249B008FD5AD /* Frameworks */ = {
			isa = PBXFrameworksBuildPhase;
			buildActionMask = 2147483647;
			files = (
				3A42492E6A793DF6F524BCB9 /* libPods-Flix-FlixUITests.a in Frameworks */,
			);
			runOnlyForDeploymentPostprocessing = 0;
		};
/* End PBXFrameworksBuildPhase section */

/* Begin PBXGroup section */
		3F54230A236167AC99A5F7C3 /* Pods */ = {
			isa = PBXGroup;
			children = (
				98E6C6737743FFD23B6D7E65 /* Pods-Flix.debug.xcconfig */,
				47BE59B97722FE5B03B8C0D7 /* Pods-Flix.release.xcconfig */,
				68489B99A7A8E42030E2B981 /* Pods-Flix-FlixUITests.debug.xcconfig */,
				DAAE5057A0B963530624B750 /* Pods-Flix-FlixUITests.release.xcconfig */,
				E78F88237140755ACE614380 /* Pods-FlixTests.debug.xcconfig */,
				E4AF923F527BD321C83972EF /* Pods-FlixTests.release.xcconfig */,
			);
			path = Pods;
			sourceTree = "<group>";
		};
		4083A2C580450B8ABF953BB7 /* Frameworks */ = {
			isa = PBXGroup;
			children = (
				B96DD32E3614DC605412530E /* libPods-Flix.a */,
				256726D8F12D84E4DFA2FF56 /* libPods-Flix-FlixUITests.a */,
				2D6DF38AA3A770479427D9ED /* libPods-FlixTests.a */,
			);
			name = Frameworks;
			sourceTree = "<group>";
		};
		D7077DC123D92495008FD5AD = {
			isa = PBXGroup;
			children = (
				D7077DCC23D92495008FD5AD /* Flix */,
				D7077DE323D9249B008FD5AD /* FlixTests */,
				D7077DEE23D9249B008FD5AD /* FlixUITests */,
				D7077DCB23D92495008FD5AD /* Products */,
				3F54230A236167AC99A5F7C3 /* Pods */,
				4083A2C580450B8ABF953BB7 /* Frameworks */,
			);
			sourceTree = "<group>";
		};
		D7077DCB23D92495008FD5AD /* Products */ = {
			isa = PBXGroup;
			children = (
				D7077DCA23D92495008FD5AD /* Flix.app */,
				D7077DE023D9249B008FD5AD /* FlixTests.xctest */,
				D7077DEB23D9249B008FD5AD /* FlixUITests.xctest */,
			);
			name = Products;
			sourceTree = "<group>";
		};
		D7077DCC23D92495008FD5AD /* Flix */ = {
			isa = PBXGroup;
			children = (
				D7077DCD23D92495008FD5AD /* AppDelegate.swift */,
				D7077DCF23D92495008FD5AD /* SceneDelegate.swift */,
				D7077DD323D92495008FD5AD /* Main.storyboard */,
				D7077DD623D9249A008FD5AD /* Assets.xcassets */,
				D7077DD823D9249A008FD5AD /* LaunchScreen.storyboard */,
				D7077DDB23D9249A008FD5AD /* Info.plist */,
				D7DC809923DF7D4D009E0C99 /* MovieCell.swift */,
				D7DC809723DE6482009E0C99 /* MovieViewController.swift */,
				D71A177523E9211D001D7775 /* MovieDetailsViewController.swift */,
				D71A177923EA22FE001D7775 /* MovieGridCell.swift */,
				D70DB04C23F086DD00A65067 /* MovieGridViewController.swift */,
				D70DB04E23F1A0FE00A65067 /* MovieGridDetailsViewController.swift */,
			);
			path = Flix;
			sourceTree = "<group>";
		};
		D7077DE323D9249B008FD5AD /* FlixTests */ = {
			isa = PBXGroup;
			children = (
				D7077DE423D9249B008FD5AD /* FlixTests.swift */,
				D7077DE623D9249B008FD5AD /* Info.plist */,
			);
			path = FlixTests;
			sourceTree = "<group>";
		};
		D7077DEE23D9249B008FD5AD /* FlixUITests */ = {
			isa = PBXGroup;
			children = (
				D7077DEF23D9249B008FD5AD /* FlixUITests.swift */,
				D7077DF123D9249B008FD5AD /* Info.plist */,
			);
			path = FlixUITests;
			sourceTree = "<group>";
		};
/* End PBXGroup section */

/* Begin PBXNativeTarget section */
		D7077DC923D92495008FD5AD /* Flix */ = {
			isa = PBXNativeTarget;
			buildConfigurationList = D7077DF423D9249B008FD5AD /* Build configuration list for PBXNativeTarget "Flix" */;
			buildPhases = (
				1A5787B1357F5936D28F03D5 /* [CP] Check Pods Manifest.lock */,
				D7077DC623D92495008FD5AD /* Sources */,
				D7077DC723D92495008FD5AD /* Frameworks */,
				D7077DC823D92495008FD5AD /* Resources */,
			);
			buildRules = (
			);
			dependencies = (
			);
			name = Flix;
			productName = Flix;
			productReference = D7077DCA23D92495008FD5AD /* Flix.app */;
			productType = "com.apple.product-type.application";
		};
		D7077DDF23D9249B008FD5AD /* FlixTests */ = {
			isa = PBXNativeTarget;
			buildConfigurationList = D7077DF723D9249B008FD5AD /* Build configuration list for PBXNativeTarget "FlixTests" */;
			buildPhases = (
				2171560578A923E5A3AB7E18 /* [CP] Check Pods Manifest.lock */,
				D7077DDC23D9249B008FD5AD /* Sources */,
				D7077DDD23D9249B008FD5AD /* Frameworks */,
				D7077DDE23D9249B008FD5AD /* Resources */,
			);
			buildRules = (
			);
			dependencies = (
				D7077DE223D9249B008FD5AD /* PBXTargetDependency */,
			);
			name = FlixTests;
			productName = FlixTests;
			productReference = D7077DE023D9249B008FD5AD /* FlixTests.xctest */;
			productType = "com.apple.product-type.bundle.unit-test";
		};
		D7077DEA23D9249B008FD5AD /* FlixUITests */ = {
			isa = PBXNativeTarget;
			buildConfigurationList = D7077DFA23D9249B008FD5AD /* Build configuration list for PBXNativeTarget "FlixUITests" */;
			buildPhases = (
				7E9430BB7871C14F80B3ED1F /* [CP] Check Pods Manifest.lock */,
				D7077DE723D9249B008FD5AD /* Sources */,
				D7077DE823D9249B008FD5AD /* Frameworks */,
				D7077DE923D9249B008FD5AD /* Resources */,
			);
			buildRules = (
			);
			dependencies = (
				D7077DED23D9249B008FD5AD /* PBXTargetDependency */,
			);
			name = FlixUITests;
			productName = FlixUITests;
			productReference = D7077DEB23D9249B008FD5AD /* FlixUITests.xctest */;
			productType = "com.apple.product-type.bundle.ui-testing";
		};
/* End PBXNativeTarget section */

/* Begin PBXProject section */
		D7077DC223D92495008FD5AD /* Project object */ = {
			isa = PBXProject;
			attributes = {
				LastSwiftUpdateCheck = 1130;
				LastUpgradeCheck = 1130;
				ORGANIZATIONNAME = "Daniel Hart";
				TargetAttributes = {
					D7077DC923D92495008FD5AD = {
						CreatedOnToolsVersion = 11.3.1;
					};
					D7077DDF23D9249B008FD5AD = {
						CreatedOnToolsVersion = 11.3.1;
						TestTargetID = D7077DC923D92495008FD5AD;
					};
					D7077DEA23D9249B008FD5AD = {
						CreatedOnToolsVersion = 11.3.1;
						TestTargetID = D7077DC923D92495008FD5AD;
					};
				};
			};
			buildConfigurationList = D7077DC523D92495008FD5AD /* Build configuration list for PBXProject "Flix" */;
			compatibilityVersion = "Xcode 9.3";
			developmentRegion = en;
			hasScannedForEncodings = 0;
			knownRegions = (
				en,
				Base,
			);
			mainGroup = D7077DC123D92495008FD5AD;
			productRefGroup = D7077DCB23D92495008FD5AD /* Products */;
			projectDirPath = "";
			projectRoot = "";
			targets = (
				D7077DC923D92495008FD5AD /* Flix */,
				D7077DDF23D9249B008FD5AD /* FlixTests */,
				D7077DEA23D9249B008FD5AD /* FlixUITests */,
			);
		};
/* End PBXProject section */

/* Begin PBXResourcesBuildPhase section */
		D7077DC823D92495008FD5AD /* Resources */ = {
			isa = PBXResourcesBuildPhase;
			buildActionMask = 2147483647;
			files = (
				D7077DDA23D9249A008FD5AD /* LaunchScreen.storyboard in Resources */,
				D7077DD723D9249A008FD5AD /* Assets.xcassets in Resources */,
				D7077DD523D92495008FD5AD /* Main.storyboard in Resources */,
			);
			runOnlyForDeploymentPostprocessing = 0;
		};
		D7077DDE23D9249B008FD5AD /* Resources */ = {
			isa = PBXResourcesBuildPhase;
			buildActionMask = 2147483647;
			files = (
			);
			runOnlyForDeploymentPostprocessing = 0;
		};
		D7077DE923D9249B008FD5AD /* Resources */ = {
			isa = PBXResourcesBuildPhase;
			buildActionMask = 2147483647;
			files = (
			);
			runOnlyForDeploymentPostprocessing = 0;
		};
/* End PBXResourcesBuildPhase section */

/* Begin PBXShellScriptBuildPhase section */
		1A5787B1357F5936D28F03D5 /* [CP] Check Pods Manifest.lock */ = {
			isa = PBXShellScriptBuildPhase;
			buildActionMask = 2147483647;
			files = (
			);
			inputFileListPaths = (
			);
			inputPaths = (
				"${PODS_PODFILE_DIR_PATH}/Podfile.lock",
				"${PODS_ROOT}/Manifest.lock",
			);
			name = "[CP] Check Pods Manifest.lock";
			outputFileListPaths = (
			);
			outputPaths = (
				"$(DERIVED_FILE_DIR)/Pods-Flix-checkManifestLockResult.txt",
			);
			runOnlyForDeploymentPostprocessing = 0;
			shellPath = /bin/sh;
			shellScript = "diff \"${PODS_PODFILE_DIR_PATH}/Podfile.lock\" \"${PODS_ROOT}/Manifest.lock\" > /dev/null\nif [ $? != 0 ] ; then\n    # print error to STDERR\n    echo \"error: The sandbox is not in sync with the Podfile.lock. Run 'pod install' or update your CocoaPods installation.\" >&2\n    exit 1\nfi\n# This output is used by Xcode 'outputs' to avoid re-running this script phase.\necho \"SUCCESS\" > \"${SCRIPT_OUTPUT_FILE_0}\"\n";
			showEnvVarsInLog = 0;
		};
		2171560578A923E5A3AB7E18 /* [CP] Check Pods Manifest.lock */ = {
			isa = PBXShellScriptBuildPhase;
			buildActionMask = 2147483647;
			files = (
			);
			inputFileListPaths = (
			);
			inputPaths = (
				"${PODS_PODFILE_DIR_PATH}/Podfile.lock",
				"${PODS_ROOT}/Manifest.lock",
			);
			name = "[CP] Check Pods Manifest.lock";
			outputFileListPaths = (
			);
			outputPaths = (
				"$(DERIVED_FILE_DIR)/Pods-FlixTests-checkManifestLockResult.txt",
			);
			runOnlyForDeploymentPostprocessing = 0;
			shellPath = /bin/sh;
			shellScript = "diff \"${PODS_PODFILE_DIR_PATH}/Podfile.lock\" \"${PODS_ROOT}/Manifest.lock\" > /dev/null\nif [ $? != 0 ] ; then\n    # print error to STDERR\n    echo \"error: The sandbox is not in sync with the Podfile.lock. Run 'pod install' or update your CocoaPods installation.\" >&2\n    exit 1\nfi\n# This output is used by Xcode 'outputs' to avoid re-running this script phase.\necho \"SUCCESS\" > \"${SCRIPT_OUTPUT_FILE_0}\"\n";
			showEnvVarsInLog = 0;
		};
		7E9430BB7871C14F80B3ED1F /* [CP] Check Pods Manifest.lock */ = {
			isa = PBXShellScriptBuildPhase;
			buildActionMask = 2147483647;
			files = (
			);
			inputFileListPaths = (
			);
			inputPaths = (
				"${PODS_PODFILE_DIR_PATH}/Podfile.lock",
				"${PODS_ROOT}/Manifest.lock",
			);
			name = "[CP] Check Pods Manifest.lock";
			outputFileListPaths = (
			);
			outputPaths = (
				"$(DERIVED_FILE_DIR)/Pods-Flix-FlixUITests-checkManifestLockResult.txt",
			);
			runOnlyForDeploymentPostprocessing = 0;
			shellPath = /bin/sh;
			shellScript = "diff \"${PODS_PODFILE_DIR_PATH}/Podfile.lock\" \"${PODS_ROOT}/Manifest.lock\" > /dev/null\nif [ $? != 0 ] ; then\n    # print error to STDERR\n    echo \"error: The sandbox is not in sync with the Podfile.lock. Run 'pod install' or update your CocoaPods installation.\" >&2\n    exit 1\nfi\n# This output is used by Xcode 'outputs' to avoid re-running this script phase.\necho \"SUCCESS\" > \"${SCRIPT_OUTPUT_FILE_0}\"\n";
			showEnvVarsInLog = 0;
		};
/* End PBXShellScriptBuildPhase section */

/* Begin PBXSourcesBuildPhase section */
		D7077DC623D92495008FD5AD /* Sources */ = {
			isa = PBXSourcesBuildPhase;
			buildActionMask = 2147483647;
			files = (
				D71A177623E9211D001D7775 /* MovieDetailsViewController.swift in Sources */,
				D7077DCE23D92495008FD5AD /* AppDelegate.swift in Sources */,
				D70DB04F23F1A0FE00A65067 /* MovieGridDetailsViewController.swift in Sources */,
				D7077DD023D92495008FD5AD /* SceneDelegate.swift in Sources */,
				D70DB04D23F086DD00A65067 /* MovieGridViewController.swift in Sources */,
				D7DC809A23DF7D4D009E0C99 /* MovieCell.swift in Sources */,
				D7DC809823DE6482009E0C99 /* MovieViewController.swift in Sources */,
				D71A177A23EA22FE001D7775 /* MovieGridCell.swift in Sources */,
			);
			runOnlyForDeploymentPostprocessing = 0;
		};
		D7077DDC23D9249B008FD5AD /* Sources */ = {
			isa = PBXSourcesBuildPhase;
			buildActionMask = 2147483647;
			files = (
				D7077DE523D9249B008FD5AD /* FlixTests.swift in Sources */,
			);
			runOnlyForDeploymentPostprocessing = 0;
		};
		D7077DE723D9249B008FD5AD /* Sources */ = {
			isa = PBXSourcesBuildPhase;
			buildActionMask = 2147483647;
			files = (
				D7077DF023D9249B008FD5AD /* FlixUITests.swift in Sources */,
			);
			runOnlyForDeploymentPostprocessing = 0;
		};
/* End PBXSourcesBuildPhase section */

/* Begin PBXTargetDependency section */
		D7077DE223D9249B008FD5AD /* PBXTargetDependency */ = {
			isa = PBXTargetDependency;
			target = D7077DC923D92495008FD5AD /* Flix */;
			targetProxy = D7077DE123D9249B008FD5AD /* PBXContainerItemProxy */;
		};
		D7077DED23D9249B008FD5AD /* PBXTargetDependency */ = {
			isa = PBXTargetDependency;
			target = D7077DC923D92495008FD5AD /* Flix */;
			targetProxy = D7077DEC23D9249B008FD5AD /* PBXContainerItemProxy */;
		};
/* End PBXTargetDependency section */

/* Begin PBXVariantGroup section */
		D7077DD323D92495008FD5AD /* Main.storyboard */ = {
			isa = PBXVariantGroup;
			children = (
				D7077DD423D92495008FD5AD /* Base */,
			);
			name = Main.storyboard;
			sourceTree = "<group>";
		};
		D7077DD823D9249A008FD5AD /* LaunchScreen.storyboard */ = {
			isa = PBXVariantGroup;
			children = (
				D7077DD923D9249A008FD5AD /* Base */,
			);
			name = LaunchScreen.storyboard;
			sourceTree = "<group>";
		};
/* End PBXVariantGroup section */

/* Begin XCBuildConfiguration section */
		D7077DF223D9249B008FD5AD /* Debug */ = {
			isa = XCBuildConfiguration;
			buildSettings = {
				ALWAYS_SEARCH_USER_PATHS = NO;
				CLANG_ANALYZER_NONNULL = YES;
				CLANG_ANALYZER_NUMBER_OBJECT_CONVERSION = YES_AGGRESSIVE;
				CLANG_CXX_LANGUAGE_STANDARD = "gnu++14";
				CLANG_CXX_LIBRARY = "libc++";
				CLANG_ENABLE_MODULES = YES;
				CLANG_ENABLE_OBJC_ARC = YES;
				CLANG_ENABLE_OBJC_WEAK = YES;
				CLANG_WARN_BLOCK_CAPTURE_AUTORELEASING = YES;
				CLANG_WARN_BOOL_CONVERSION = YES;
				CLANG_WARN_COMMA = YES;
				CLANG_WARN_CONSTANT_CONVERSION = YES;
				CLANG_WARN_DEPRECATED_OBJC_IMPLEMENTATIONS = YES;
				CLANG_WARN_DIRECT_OBJC_ISA_USAGE = YES_ERROR;
				CLANG_WARN_DOCUMENTATION_COMMENTS = YES;
				CLANG_WARN_EMPTY_BODY = YES;
				CLANG_WARN_ENUM_CONVERSION = YES;
				CLANG_WARN_INFINITE_RECURSION = YES;
				CLANG_WARN_INT_CONVERSION = YES;
				CLANG_WARN_NON_LITERAL_NULL_CONVERSION = YES;
				CLANG_WARN_OBJC_IMPLICIT_RETAIN_SELF = YES;
				CLANG_WARN_OBJC_LITERAL_CONVERSION = YES;
				CLANG_WARN_OBJC_ROOT_CLASS = YES_ERROR;
				CLANG_WARN_RANGE_LOOP_ANALYSIS = YES;
				CLANG_WARN_STRICT_PROTOTYPES = YES;
				CLANG_WARN_SUSPICIOUS_MOVE = YES;
				CLANG_WARN_UNGUARDED_AVAILABILITY = YES_AGGRESSIVE;
				CLANG_WARN_UNREACHABLE_CODE = YES;
				CLANG_WARN__DUPLICATE_METHOD_MATCH = YES;
				COPY_PHASE_STRIP = NO;
				DEBUG_INFORMATION_FORMAT = dwarf;
				ENABLE_STRICT_OBJC_MSGSEND = YES;
				ENABLE_TESTABILITY = YES;
				GCC_C_LANGUAGE_STANDARD = gnu11;
				GCC_DYNAMIC_NO_PIC = NO;
				GCC_NO_COMMON_BLOCKS = YES;
				GCC_OPTIMIZATION_LEVEL = 0;
				GCC_PREPROCESSOR_DEFINITIONS = (
					"DEBUG=1",
					"$(inherited)",
				);
				GCC_WARN_64_TO_32_BIT_CONVERSION = YES;
				GCC_WARN_ABOUT_RETURN_TYPE = YES_ERROR;
				GCC_WARN_UNDECLARED_SELECTOR = YES;
				GCC_WARN_UNINITIALIZED_AUTOS = YES_AGGRESSIVE;
				GCC_WARN_UNUSED_FUNCTION = YES;
				GCC_WARN_UNUSED_VARIABLE = YES;
				IPHONEOS_DEPLOYMENT_TARGET = 13.2;
				MTL_ENABLE_DEBUG_INFO = INCLUDE_SOURCE;
				MTL_FAST_MATH = YES;
				ONLY_ACTIVE_ARCH = YES;
				SDKROOT = iphoneos;
				SWIFT_ACTIVE_COMPILATION_CONDITIONS = DEBUG;
				SWIFT_OPTIMIZATION_LEVEL = "-Onone";
			};
			name = Debug;
		};
		D7077DF323D9249B008FD5AD /* Release */ = {
			isa = XCBuildConfiguration;
			buildSettings = {
				ALWAYS_SEARCH_USER_PATHS = NO;
				CLANG_ANALYZER_NONNULL = YES;
				CLANG_ANALYZER_NUMBER_OBJECT_CONVERSION = YES_AGGRESSIVE;
				CLANG_CXX_LANGUAGE_STANDARD = "gnu++14";
				CLANG_CXX_LIBRARY = "libc++";
				CLANG_ENABLE_MODULES = YES;
				CLANG_ENABLE_OBJC_ARC = YES;
				CLANG_ENABLE_OBJC_WEAK = YES;
				CLANG_WARN_BLOCK_CAPTURE_AUTORELEASING = YES;
				CLANG_WARN_BOOL_CONVERSION = YES;
				CLANG_WARN_COMMA = YES;
				CLANG_WARN_CONSTANT_CONVERSION = YES;
				CLANG_WARN_DEPRECATED_OBJC_IMPLEMENTATIONS = YES;
				CLANG_WARN_DIRECT_OBJC_ISA_USAGE = YES_ERROR;
				CLANG_WARN_DOCUMENTATION_COMMENTS = YES;
				CLANG_WARN_EMPTY_BODY = YES;
				CLANG_WARN_ENUM_CONVERSION = YES;
				CLANG_WARN_INFINITE_RECURSION = YES;
				CLANG_WARN_INT_CONVERSION = YES;
				CLANG_WARN_NON_LITERAL_NULL_CONVERSION = YES;
				CLANG_WARN_OBJC_IMPLICIT_RETAIN_SELF = YES;
				CLANG_WARN_OBJC_LITERAL_CONVERSION = YES;
				CLANG_WARN_OBJC_ROOT_CLASS = YES_ERROR;
				CLANG_WARN_RANGE_LOOP_ANALYSIS = YES;
				CLANG_WARN_STRICT_PROTOTYPES = YES;
				CLANG_WARN_SUSPICIOUS_MOVE = YES;
				CLANG_WARN_UNGUARDED_AVAILABILITY = YES_AGGRESSIVE;
				CLANG_WARN_UNREACHABLE_CODE = YES;
				CLANG_WARN__DUPLICATE_METHOD_MATCH = YES;
				COPY_PHASE_STRIP = NO;
				DEBUG_INFORMATION_FORMAT = "dwarf-with-dsym";
				ENABLE_NS_ASSERTIONS = NO;
				ENABLE_STRICT_OBJC_MSGSEND = YES;
				GCC_C_LANGUAGE_STANDARD = gnu11;
				GCC_NO_COMMON_BLOCKS = YES;
				GCC_WARN_64_TO_32_BIT_CONVERSION = YES;
				GCC_WARN_ABOUT_RETURN_TYPE = YES_ERROR;
				GCC_WARN_UNDECLARED_SELECTOR = YES;
				GCC_WARN_UNINITIALIZED_AUTOS = YES_AGGRESSIVE;
				GCC_WARN_UNUSED_FUNCTION = YES;
				GCC_WARN_UNUSED_VARIABLE = YES;
				IPHONEOS_DEPLOYMENT_TARGET = 13.2;
				MTL_ENABLE_DEBUG_INFO = NO;
				MTL_FAST_MATH = YES;
				SDKROOT = iphoneos;
				SWIFT_COMPILATION_MODE = wholemodule;
				SWIFT_OPTIMIZATION_LEVEL = "-O";
				VALIDATE_PRODUCT = YES;
			};
			name = Release;
		};
		D7077DF523D9249B008FD5AD /* Debug */ = {
			isa = XCBuildConfiguration;
			baseConfigurationReference = 98E6C6737743FFD23B6D7E65 /* Pods-Flix.debug.xcconfig */;
			buildSettings = {
				ASSETCATALOG_COMPILER_APPICON_NAME = AppIcon;
				CODE_SIGN_STYLE = Automatic;
				DEVELOPMENT_TEAM = 48VB59XN53;
				INFOPLIST_FILE = Flix/Info.plist;
				LD_RUNPATH_SEARCH_PATHS = (
					"$(inherited)",
					"@executable_path/Frameworks",
				);
				PRODUCT_BUNDLE_IDENTIFIER = com.DartStudios.Flix;
				PRODUCT_NAME = "$(TARGET_NAME)";
				SWIFT_VERSION = 5.0;
				TARGETED_DEVICE_FAMILY = "1,2";
			};
			name = Debug;
		};
		D7077DF623D9249B008FD5AD /* Release */ = {
			isa = XCBuildConfiguration;
			baseConfigurationReference = 47BE59B97722FE5B03B8C0D7 /* Pods-Flix.release.xcconfig */;
			buildSettings = {
				ASSETCATALOG_COMPILER_APPICON_NAME = AppIcon;
				CODE_SIGN_STYLE = Automatic;
				DEVELOPMENT_TEAM = 48VB59XN53;
				INFOPLIST_FILE = Flix/Info.plist;
				LD_RUNPATH_SEARCH_PATHS = (
					"$(inherited)",
					"@executable_path/Frameworks",
				);
				PRODUCT_BUNDLE_IDENTIFIER = com.DartStudios.Flix;
				PRODUCT_NAME = "$(TARGET_NAME)";
				SWIFT_VERSION = 5.0;
				TARGETED_DEVICE_FAMILY = "1,2";
			};
			name = Release;
		};
		D7077DF823D9249B008FD5AD /* Debug */ = {
			isa = XCBuildConfiguration;
			baseConfigurationReference = E78F88237140755ACE614380 /* Pods-FlixTests.debug.xcconfig */;
			buildSettings = {
				ALWAYS_EMBED_SWIFT_STANDARD_LIBRARIES = YES;
				BUNDLE_LOADER = "$(TEST_HOST)";
				CODE_SIGN_STYLE = Automatic;
				DEVELOPMENT_TEAM = 48VB59XN53;
				INFOPLIST_FILE = FlixTests/Info.plist;
				IPHONEOS_DEPLOYMENT_TARGET = 13.2;
				LD_RUNPATH_SEARCH_PATHS = (
					"$(inherited)",
					"@executable_path/Frameworks",
					"@loader_path/Frameworks",
				);
				PRODUCT_BUNDLE_IDENTIFIER = com.DartStudios.FlixTests;
				PRODUCT_NAME = "$(TARGET_NAME)";
				SWIFT_VERSION = 5.0;
				TARGETED_DEVICE_FAMILY = "1,2";
				TEST_HOST = "$(BUILT_PRODUCTS_DIR)/Flix.app/Flix";
			};
			name = Debug;
		};
		D7077DF923D9249B008FD5AD /* Release */ = {
			isa = XCBuildConfiguration;
			baseConfigurationReference = E4AF923F527BD321C83972EF /* Pods-FlixTests.release.xcconfig */;
			buildSettings = {
				ALWAYS_EMBED_SWIFT_STANDARD_LIBRARIES = YES;
				BUNDLE_LOADER = "$(TEST_HOST)";
				CODE_SIGN_STYLE = Automatic;
				DEVELOPMENT_TEAM = 48VB59XN53;
				INFOPLIST_FILE = FlixTests/Info.plist;
				IPHONEOS_DEPLOYMENT_TARGET = 13.2;
				LD_RUNPATH_SEARCH_PATHS = (
					"$(inherited)",
					"@executable_path/Frameworks",
					"@loader_path/Frameworks",
				);
				PRODUCT_BUNDLE_IDENTIFIER = com.DartStudios.FlixTests;
				PRODUCT_NAME = "$(TARGET_NAME)";
				SWIFT_VERSION = 5.0;
				TARGETED_DEVICE_FAMILY = "1,2";
				TEST_HOST = "$(BUILT_PRODUCTS_DIR)/Flix.app/Flix";
			};
			name = Release;
		};
		D7077DFB23D9249B008FD5AD /* Debug */ = {
			isa = XCBuildConfiguration;
			baseConfigurationReference = 68489B99A7A8E42030E2B981 /* Pods-Flix-FlixUITests.debug.xcconfig */;
			buildSettings = {
				ALWAYS_EMBED_SWIFT_STANDARD_LIBRARIES = YES;
				CODE_SIGN_STYLE = Automatic;
				DEVELOPMENT_TEAM = 48VB59XN53;
				INFOPLIST_FILE = FlixUITests/Info.plist;
				LD_RUNPATH_SEARCH_PATHS = (
					"$(inherited)",
					"@executable_path/Frameworks",
					"@loader_path/Frameworks",
				);
				PRODUCT_BUNDLE_IDENTIFIER = com.DartStudios.FlixUITests;
				PRODUCT_NAME = "$(TARGET_NAME)";
				SWIFT_VERSION = 5.0;
				TARGETED_DEVICE_FAMILY = "1,2";
				TEST_TARGET_NAME = Flix;
			};
			name = Debug;
		};
		D7077DFC23D9249B008FD5AD /* Release */ = {
			isa = XCBuildConfiguration;
			baseConfigurationReference = DAAE5057A0B963530624B750 /* Pods-Flix-FlixUITests.release.xcconfig */;
			buildSettings = {
				ALWAYS_EMBED_SWIFT_STANDARD_LIBRARIES = YES;
				CODE_SIGN_STYLE = Automatic;
				DEVELOPMENT_TEAM = 48VB59XN53;
				INFOPLIST_FILE = FlixUITests/Info.plist;
				LD_RUNPATH_SEARCH_PATHS = (
					"$(inherited)",
					"@executable_path/Frameworks",
					"@loader_path/Frameworks",
				);
				PRODUCT_BUNDLE_IDENTIFIER = com.DartStudios.FlixUITests;
				PRODUCT_NAME = "$(TARGET_NAME)";
				SWIFT_VERSION = 5.0;
				TARGETED_DEVICE_FAMILY = "1,2";
				TEST_TARGET_NAME = Flix;
			};
			name = Release;
		};
/* End XCBuildConfiguration section */

/* Begin XCConfigurationList section */
		D7077DC523D92495008FD5AD /* Build configuration list for PBXProject "Flix" */ = {
			isa = XCConfigurationList;
			buildConfigurations = (
				D7077DF223D9249B008FD5AD /* Debug */,
				D7077DF323D9249B008FD5AD /* Release */,
			);
			defaultConfigurationIsVisible = 0;
			defaultConfigurationName = Release;
		};
		D7077DF423D9249B008FD5AD /* Build configuration list for PBXNativeTarget "Flix" */ = {
			isa = XCConfigurationList;
			buildConfigurations = (
				D7077DF523D9249B008FD5AD /* Debug */,
				D7077DF623D9249B008FD5AD /* Release */,
			);
			defaultConfigurationIsVisible = 0;
			defaultConfigurationName = Release;
		};
		D7077DF723D9249B008FD5AD /* Build configuration list for PBXNativeTarget "FlixTests" */ = {
			isa = XCConfigurationList;
			buildConfigurations = (
				D7077DF823D9249B008FD5AD /* Debug */,
				D7077DF923D9249B008FD5AD /* Release */,
			);
			defaultConfigurationIsVisible = 0;
			defaultConfigurationName = Release;
		};
		D7077DFA23D9249B008FD5AD /* Build configuration list for PBXNativeTarget "FlixUITests" */ = {
			isa = XCConfigurationList;
			buildConfigurations = (
				D7077DFB23D9249B008FD5AD /* Debug */,
				D7077DFC23D9249B008FD5AD /* Release */,
			);
			defaultConfigurationIsVisible = 0;
			defaultConfigurationName = Release;
		};
/* End XCConfigurationList section */
	};
	rootObject = D7077DC223D92495008FD5AD /* Project object */;
}
